{
  "name": "my-first-ai-agent",
  "version": "1.0.0",
  "lockfileVersion": 3,
  "requires": true,
  "packages": {
    "": {
      "name": "my-first-ai-agent",
      "version": "1.0.0",
      "license": "MIT",
      "dependencies": {
        "acorn": "^8.18.0",
        "acorn-walk": "^8.3.5",
        "i18next": "^26.4.2"
      }
    },
    "node_modules/acorn": {
      "version": "8.18.0",
      "resolved": "https://registry.npmjs.org/acorn/-/acorn-8.18.0.tgz",
      "integrity": "sha512-lGq+9yr1/GuAWaVYIHRjvvySG5/4VfKIvC8EWxStPdcDh/Ka7FG3twP6v4d5BkravUilhIAsG4Qj83t02LWUPQ==",
      "license": "MIT",
      "bin": {
        "acorn": "bin/acorn"
      },
      "engines": {
        "node": ">=0.4.0"
      }
    },
    "node_modules/acorn-walk": {
      "version": "8.3.5",
      "resolved": "https://registry.npmjs.org/acorn-walk/-/acorn-walk-8.3.5.tgz",
      "integrity": "sha512-HEHNfbars9v4pgpW6SO1KSPkfoS0xVOM/9UzkJltjlsHZmJasxg8aXkuZa7SMf8vKGIBhpUsPluQSqhJFCqebw==",
      "license": "MIT",
      "dependencies": {
        "acorn": "^8.11.0"
      },
      "engines": {
        "node": ">=0.4.0"
      }
    },
    "node_modules/i18next": {
      "version": "26.4.2",
      "resolved": "https://registry.npmjs.org/i18next/-/i18next-26.4.2.tgz",
      "integrity": "sha512-RX+R0VLg13IbvRuJSxnqykUFS9vQZTl8wYpWPCIUDWVrSGjsQywB5Y+pjzrkboxGAuYfJZVH1InFTdgBdxq6ug==",
      "funding": [
        {
          "type": "individual",
          "url": "https://www.locize.com/i18next"
        },
        {
          "type": "individual",
          "url": "https://www.i18next.com/how-to/faq#i18next-is-awesome.-how-can-i-support-the-project"
        },
        {
          "type": "individual",
          "url": "https://www.locize.com"
        }
      ],
      "license": "MIT",
      "peerDependencies": {
        "typescript": "^5 || ^6 || ^7"
      },
      "peerDependenciesMeta": {
        "typescript": {
          "optional": true
        }
      }
    }
  }
}
